
Microsoft Visual Studio Solution File, Format Version 12.00
# Visual Studio Version 17
VisualStudioVersion = 17.9.34714.143
MinimumVisualStudioVersion = 10.0.40219.1
Project("{9A19103F-16F7-4668-BE54-9A1E7A4F7556}") = "PocPlayground", "PocPlayground.csproj", "{21BFA219-AD33-42E3-A4FA-DAD21E016F19}"
EndProject
Global
	GlobalSection(SolutionConfigurationPlatforms) = preSolution
		Debug|Any CPU = Debug|Any CPU
		Release|Any CPU = Release|Any CPU
	EndGlobalSection
	GlobalSection(ProjectConfigurationPlatforms) = postSolution
		{21BFA219-AD33-42E3-A4FA-DAD21E016F19}.Debug|Any CPU.ActiveCfg = Debug|Any CPU
		{21BFA219-AD33-42E3-A4FA-DAD21E016F19}.Debug|Any CPU.Build.0 = Debug|Any CPU
		{21BFA219-AD33-42E3-A4FA-DAD21E016F19}.Release|Any CPU.ActiveCfg = Release|Any CPU
		{21BFA219-AD33-42E3-A4FA-DAD21E016F19}.Release|Any CPU.Build.0 = Release|Any CPU
	EndGlobalSection
	GlobalSection(SolutionProperties) = preSolution
		HideSolutionNode = FALSE
	EndGlobalSection
	GlobalSection(ExtensibilityGlobals) = postSolution
		SolutionGuid = {A1639844-8853-45EA-857F-17214AF6FF61}
	EndGlobalSection
EndGlobal
